# This file is generated by running "yarn install" inside your project.
# Manual changes might be lost - proceed with caution!

__metadata:
  version: 4
  cacheKey: 8

"@babel/helper-validator-identifier@npm:^7.14.9":
  version: 7.14.9
  resolution: "@babel/helper-validator-identifier@npm:7.14.9::__archiveUrl=https%3A%2F%2Fregistry.nlark.com%2F%40babel%2Fhelper-validator-identifier%2Fdownload%2F%40babel%2Fhelper-validator-identifier-7.14.9.tgz"
  checksum: 58552531a7674363e74672434c312ddaf1545b8a43308e1a7f38db58bf79c796c095a6dab6a6105eb0d783b97441f6cbb525bb887f29a35f232fcdbd8cb240dc
  languageName: node
  linkType: hard

"@babel/parser@npm:^7.15.0":
  version: 7.15.6
  resolution: "@babel/parser@npm:7.15.6::__archiveUrl=https%3A%2F%2Fregistry.nlark.com%2F%40babel%2Fparser%2Fdownload%2F%40babel%2Fparser-7.15.6.tgz"
  bin:
    parser: ./bin/babel-parser.js
  checksum: 497c293f8260100940c3e2a1f939a94475779355d786b1685afa1ecdfba0843098c83b824e453c2cb30053c3e901a74427897e54f007862de4c81bb68cf84663
  languageName: node
  linkType: hard

"@babel/types@npm:^7.15.0, @babel/types@npm:^7.8.3":
  version: 7.15.6
  resolution: "@babel/types@npm:7.15.6::__archiveUrl=https%3A%2F%2Fregistry.nlark.com%2F%40babel%2Ftypes%2Fdownload%2F%40babel%2Ftypes-7.15.6.tgz"
  dependencies:
    "@babel/helper-validator-identifier": ^7.14.9
    to-fast-properties: ^2.0.0
  checksum: 37f497dde10d238b5eb184efab83b415a86611e3d73dc0434de0cfb851b20ee606a3b7e1525e5b2d522fac1248d0345fea0468006f246262511b80cd3ed2419f
  languageName: node
  linkType: hard

"@types/estree@npm:^0.0.48":
  version: 0.0.48
  resolution: "@types/estree@npm:0.0.48::__archiveUrl=https%3A%2F%2Fregistry.nlark.com%2F%40types%2Festree%2Fdownload%2F%40types%2Festree-0.0.48.tgz"
  checksum: 5062c9a65d3b4020df54741ec7e697ad516bb446a1f8823bd7990544cf6221ab6facf8dd7ad1c79753a5dde5ecb6a9bc4ffcaa1123dba1119566887732cc39fb
  languageName: node
  linkType: hard

"@vue/compiler-core@npm:3.2.11":
  version: 3.2.11
  resolution: "@vue/compiler-core@npm:3.2.11::__archiveUrl=https%3A%2F%2Fregistry.nlark.com%2F%40vue%2Fcompiler-core%2Fdownload%2F%40vue%2Fcompiler-core-3.2.11.tgz"
  dependencies:
    "@babel/parser": ^7.15.0
    "@babel/types": ^7.15.0
    "@vue/shared": 3.2.11
    estree-walker: ^2.0.2
    source-map: ^0.6.1
  checksum: a01a0aad7a033071c68f816023070a7f824c08487486b70a04450fa6b2a80291a4a1b38c9fe8d1d50f588a7fb9c49bbcf69ef7654ad94e1ea19c842b480bf46e
  languageName: node
  linkType: hard

"@vue/compiler-dom@npm:3.2.11, @vue/compiler-dom@npm:^3.2.11":
  version: 3.2.11
  resolution: "@vue/compiler-dom@npm:3.2.11::__archiveUrl=https%3A%2F%2Fregistry.nlark.com%2F%40vue%2Fcompiler-dom%2Fdownload%2F%40vue%2Fcompiler-dom-3.2.11.tgz"
  dependencies:
    "@vue/compiler-core": 3.2.11
    "@vue/shared": 3.2.11
  checksum: bb8ed74cfbf3bd40ef8ac78f8857db4870510b21d674e8996dc1e36f7c186db4efb2a89a930841bc26e10e3da9a616fa6082fb9b31c9d17f37f5db2f29f239cb
  languageName: node
  linkType: hard

"@vue/compiler-sfc@npm:^3.2.11":
  version: 3.2.11
  resolution: "@vue/compiler-sfc@npm:3.2.11::__archiveUrl=https%3A%2F%2Fregistry.nlark.com%2F%40vue%2Fcompiler-sfc%2Fdownload%2F%40vue%2Fcompiler-sfc-3.2.11.tgz"
  dependencies:
    "@babel/parser": ^7.15.0
    "@babel/types": ^7.15.0
    "@types/estree": ^0.0.48
    "@vue/compiler-core": 3.2.11
    "@vue/compiler-dom": 3.2.11
    "@vue/compiler-ssr": 3.2.11
    "@vue/ref-transform": 3.2.11
    "@vue/shared": 3.2.11
    consolidate: ^0.16.0
    estree-walker: ^2.0.2
    hash-sum: ^2.0.0
    lru-cache: ^5.1.1
    magic-string: ^0.25.7
    merge-source-map: ^1.1.0
    postcss: ^8.1.10
    postcss-modules: ^4.0.0
    postcss-selector-parser: ^6.0.4
    source-map: ^0.6.1
  checksum: b0141cf366fc63fa2244a818a284c7741e569dc4786bb5abbc74eccc1e1c96785bf6bb0693e47ceefae0a9f80210e35c962e1c3996d857b7afa501f8b0722cef
  languageName: node
  linkType: hard

"@vue/compiler-ssr@npm:3.2.11":
  version: 3.2.11
  resolution: "@vue/compiler-ssr@npm:3.2.11::__archiveUrl=https%3A%2F%2Fregistry.nlark.com%2F%40vue%2Fcompiler-ssr%2Fdownload%2F%40vue%2Fcompiler-ssr-3.2.11.tgz"
  dependencies:
    "@vue/compiler-dom": 3.2.11
    "@vue/shared": 3.2.11
  checksum: e76db66a856fa2c09f45c24b981cc2de80d27b4e689b032a3ea3cb02fbedfc5d410d22b4969c7c7ce096aa6e1ecfccf9e4eb7cc8a804677ac5cf0d8ce115daf4
  languageName: node
  linkType: hard

"@vue/reactivity@npm:3.2.11":
  version: 3.2.11
  resolution: "@vue/reactivity@npm:3.2.11::__archiveUrl=https%3A%2F%2Fregistry.nlark.com%2F%40vue%2Freactivity%2Fdownload%2F%40vue%2Freactivity-3.2.11.tgz"
  dependencies:
    "@vue/shared": 3.2.11
  checksum: 8395c36e3876ea2052eb1d6270e5591be4a7601176e27c26ada63c5d27109da87c381052232b323553674bb189ffee5a6b26007e2bd8dfd40e28cc4bbc4ed1ec
  languageName: node
  linkType: hard

"@vue/ref-transform@npm:3.2.11":
  version: 3.2.11
  resolution: "@vue/ref-transform@npm:3.2.11::__archiveUrl=https%3A%2F%2Fregistry.nlark.com%2F%40vue%2Fref-transform%2Fdownload%2F%40vue%2Fref-transform-3.2.11.tgz"
  dependencies:
    "@babel/parser": ^7.15.0
    "@vue/compiler-core": 3.2.11
    "@vue/shared": 3.2.11
    estree-walker: ^2.0.2
    magic-string: ^0.25.7
  checksum: 1bdfeff3a387a51aa31c8f2dfffad4e958557c6aa21fa0dd0b125e2c657502840ab3452a3e09e1b0b2838eb87e454631513237c4cc24925b149b4ec60de40b6e
  languageName: node
  linkType: hard

"@vue/runtime-core@npm:3.2.11":
  version: 3.2.11
  resolution: "@vue/runtime-core@npm:3.2.11::__archiveUrl=https%3A%2F%2Fregistry.nlark.com%2F%40vue%2Fruntime-core%2Fdownload%2F%40vue%2Fruntime-core-3.2.11.tgz"
  dependencies:
    "@vue/reactivity": 3.2.11
    "@vue/shared": 3.2.11
  checksum: 7feffb486fac4066bafb4a2aab6b0be7d57f69710c3cd5dbcfd8224614fbc3c3fa5d66df7029ed5a1d7f8fdccada3920ebc6251898438f0bfd771ef2a0f5decd
  languageName: node
  linkType: hard

"@vue/runtime-dom@npm:3.2.11":
  version: 3.2.11
  resolution: "@vue/runtime-dom@npm:3.2.11::__archiveUrl=https%3A%2F%2Fregistry.nlark.com%2F%40vue%2Fruntime-dom%2Fdownload%2F%40vue%2Fruntime-dom-3.2.11.tgz"
  dependencies:
    "@vue/runtime-core": 3.2.11
    "@vue/shared": 3.2.11
    csstype: ^2.6.8
  checksum: 88c5b3a4ed7d1fd662a063a6c5cb1b1215cff60cab6ac5adc5d086d575febf9fd631ddba9a054269021d68ae312feac762e2f07a3beb1a5a368ed79dfd422b3f
  languageName: node
  linkType: hard

"@vue/server-renderer@npm:^3.2.11":
  version: 3.2.11
  resolution: "@vue/server-renderer@npm:3.2.11::__archiveUrl=https%3A%2F%2Fregistry.nlark.com%2F%40vue%2Fserver-renderer%2Fdownload%2F%40vue%2Fserver-renderer-3.2.11.tgz"
  dependencies:
    "@vue/compiler-ssr": 3.2.11
    "@vue/shared": 3.2.11
  peerDependencies:
    vue: 3.2.11
  checksum: 3eb18f918a739721b2901d346d6ee2399cad39c44d57a6998b6010fe8e605392360f19850bcdd1cadc282e46395a674a88e7b71e04a816042865443b7b625e7c
  languageName: node
  linkType: hard

"@vue/shared@npm:3.2.11":
  version: 3.2.11
  resolution: "@vue/shared@npm:3.2.11::__archiveUrl=https%3A%2F%2Fregistry.nlark.com%2F%40vue%2Fshared%2Fdownload%2F%40vue%2Fshared-3.2.11.tgz"
  checksum: 11a9c4d7f735e134d6b23055c002f2e3e8db0ed7032d4fb4a91f7e4eb720f0e4476c60c0a168dddef11cc8502a484565ef22f01234ec0df70d142cf040e05ece
  languageName: node
  linkType: hard

"accepts@npm:^1.3.5":
  version: 1.3.7
  resolution: "accepts@npm:1.3.7::__archiveUrl=https%3A%2F%2Fregistry.nlark.com%2Faccepts%2Fdownload%2Faccepts-1.3.7.tgz"
  dependencies:
    mime-types: ~2.1.24
    negotiator: 0.6.2
  checksum: 27fc8060ffc69481ff6719cd3ee06387d2b88381cb0ce626f087781bbd02201a645a9febc8e7e7333558354b33b1d2f922ad13560be4ec1b7ba9e76fc1c1241d
  languageName: node
  linkType: hard

"any-promise@npm:^1.1.0":
  version: 1.3.0
  resolution: "any-promise@npm:1.3.0::__archiveUrl=https%3A%2F%2Fregistry.nlark.com%2Fany-promise%2Fdownload%2Fany-promise-1.3.0.tgz"
  checksum: 0ee8a9bdbe882c90464d75d1f55cf027f5458650c4bd1f0467e65aec38ccccda07ca5844969ee77ed46d04e7dded3eaceb027e8d32f385688523fe305fa7e1de
  languageName: node
  linkType: hard

"big.js@npm:^5.2.2":
  version: 5.2.2
  resolution: "big.js@npm:5.2.2::__archiveUrl=https%3A%2F%2Fregistry.nlark.com%2Fbig.js%2Fdownload%2Fbig.js-5.2.2.tgz"
  checksum: b89b6e8419b097a8fb4ed2399a1931a68c612bce3cfd5ca8c214b2d017531191070f990598de2fc6f3f993d91c0f08aa82697717f6b3b8732c9731866d233c9e
  languageName: node
  linkType: hard

"bluebird@npm:^3.7.2":
  version: 3.7.2
  resolution: "bluebird@npm:3.7.2::__archiveUrl=https%3A%2F%2Fregistry.nlark.com%2Fbluebird%2Fdownload%2Fbluebird-3.7.2.tgz"
  checksum: 869417503c722e7dc54ca46715f70e15f4d9c602a423a02c825570862d12935be59ed9c7ba34a9b31f186c017c23cac6b54e35446f8353059c101da73eac22ef
  languageName: node
  linkType: hard

"cache-content-type@npm:^1.0.0":
  version: 1.0.1
  resolution: "cache-content-type@npm:1.0.1::__archiveUrl=https%3A%2F%2Fregistry.nlark.com%2Fcache-content-type%2Fdownload%2Fcache-content-type-1.0.1.tgz"
  dependencies:
    mime-types: ^2.1.18
    ylru: ^1.2.0
  checksum: 18db4d59452669ccbfd7146a1510a37eb28e9eccf18ca7a4eb603dff2edc5cccdca7498fc3042a2978f76f11151fba486eb9eb69d9afa3fb124957870aef4fd3
  languageName: node
  linkType: hard

"co@npm:^4.6.0":
  version: 4.6.0
  resolution: "co@npm:4.6.0::__archiveUrl=https%3A%2F%2Fregistry.nlark.com%2Fco%2Fdownload%2Fco-4.6.0.tgz"
  checksum: 5210d9223010eb95b29df06a91116f2cf7c8e0748a9013ed853b53f362ea0e822f1e5bb054fb3cefc645239a4cf966af1f6133a3b43f40d591f3b68ed6cf0510
  languageName: node
  linkType: hard

"colorette@npm:^1.2.2":
  version: 1.4.0
  resolution: "colorette@npm:1.4.0::__archiveUrl=https%3A%2F%2Fregistry.nlark.com%2Fcolorette%2Fdownload%2Fcolorette-1.4.0.tgz"
  checksum: 01c3c16058b182a4ab4c126a65a75faa4d38a20fa7c845090b25453acec6c371bb2c5dceb0a2338511f17902b9d1a9af0cadd8509c9403894b79311032c256c3
  languageName: node
  linkType: hard

"consolidate@npm:^0.16.0":
  version: 0.16.0
  resolution: "consolidate@npm:0.16.0::__archiveUrl=https%3A%2F%2Fregistry.nlark.com%2Fconsolidate%2Fdownload%2Fconsolidate-0.16.0.tgz"
  dependencies:
    bluebird: ^3.7.2
  checksum: f17164ffb2c4f79b4cbf685f1c76a49f59d329a40954b436425498861dc137b46fe821b2aadafa2dcfeb7eebd46846f35bd2c36b4a704d38521b4210a22a7515
  languageName: node
  linkType: hard

"content-disposition@npm:~0.5.2":
  version: 0.5.3
  resolution: "content-disposition@npm:0.5.3::__archiveUrl=https%3A%2F%2Fregistry.nlark.com%2Fcontent-disposition%2Fdownload%2Fcontent-disposition-0.5.3.tgz"
  dependencies:
    safe-buffer: 5.1.2
  checksum: 95bf164c0b0b8199d3f44b7631e51b37f683c6a90b9baa4315bd3d405a6d1bc81b7346f0981046aa004331fb3d7a28b629514d01fc209a5251573fc7e4d33380
  languageName: node
  linkType: hard

"content-type@npm:^1.0.4":
  version: 1.0.4
  resolution: "content-type@npm:1.0.4::__archiveUrl=https%3A%2F%2Fregistry.nlark.com%2Fcontent-type%2Fdownload%2Fcontent-type-1.0.4.tgz"
  checksum: 3d93585fda985d1554eca5ebd251994327608d2e200978fdbfba21c0c679914d5faf266d17027de44b34a72c7b0745b18584ecccaa7e1fdfb6a68ac7114f12e0
  languageName: node
  linkType: hard

"cookies@npm:~0.8.0":
  version: 0.8.0
  resolution: "cookies@npm:0.8.0::__archiveUrl=https%3A%2F%2Fregistry.nlark.com%2Fcookies%2Fdownload%2Fcookies-0.8.0.tgz"
  dependencies:
    depd: ~2.0.0
    keygrip: ~1.1.0
  checksum: 806055a44f128705265b1bc6a853058da18bf80dea3654ad99be20985b1fa1b14f86c1eef73644aab8071241f8a78acd57202b54c4c5c70769fc694fbb9c4edc
  languageName: node
  linkType: hard

"cssesc@npm:^3.0.0":
  version: 3.0.0
  resolution: "cssesc@npm:3.0.0::__archiveUrl=https%3A%2F%2Fregistry.nlark.com%2Fcssesc%2Fdownload%2Fcssesc-3.0.0.tgz"
  bin:
    cssesc: bin/cssesc
  checksum: f8c4ababffbc5e2ddf2fa9957dda1ee4af6048e22aeda1869d0d00843223c1b13ad3f5d88b51caa46c994225eacb636b764eb807a8883e2fb6f99b4f4e8c48b2
  languageName: node
  linkType: hard

"csstype@npm:^2.6.8":
  version: 2.6.17
  resolution: "csstype@npm:2.6.17::__archiveUrl=https%3A%2F%2Fregistry.nlark.com%2Fcsstype%2Fdownload%2Fcsstype-2.6.17.tgz"
  checksum: 6eee5cf81a4b1b2f0e8707b4accd7504f7cceb4b5a496d58c6e4fcea1a70c1443a975e45d722c892d372ffe788fa278ddfe4d70c5f881375f34e48bb99c70ecc
  languageName: node
  linkType: hard

"debug@npm:~3.1.0":
  version: 3.1.0
  resolution: "debug@npm:3.1.0::__archiveUrl=https%3A%2F%2Fregistry.nlark.com%2Fdebug%2Fdownload%2Fdebug-3.1.0.tgz"
  dependencies:
    ms: 2.0.0
  checksum: 0b52718ab957254a5b3ca07fc34543bc778f358620c206a08452251eb7fc193c3ea3505072acbf4350219c14e2d71ceb7bdaa0d3370aa630b50da790458d08b3
  languageName: node
  linkType: hard

"deep-equal@npm:~1.0.1":
  version: 1.0.1
  resolution: "deep-equal@npm:1.0.1::__archiveUrl=https%3A%2F%2Fregistry.nlark.com%2Fdeep-equal%2Fdownload%2Fdeep-equal-1.0.1.tgz"
  checksum: 5af8cbfcebf190491878a498caccc7dc9592f8ebd1685b976eacc3825619d222b5e929923163b92c4f414494e2b884f7ebf00c022e8198e8292deb70dd9785f4
  languageName: node
  linkType: hard

"delegates@npm:^1.0.0":
  version: 1.0.0
  resolution: "delegates@npm:1.0.0::__archiveUrl=https%3A%2F%2Fregistry.nlark.com%2Fdelegates%2Fdownload%2Fdelegates-1.0.0.tgz"
  checksum: a51744d9b53c164ba9c0492471a1a2ffa0b6727451bdc89e31627fdf4adda9d51277cfcbfb20f0a6f08ccb3c436f341df3e92631a3440226d93a8971724771fd
  languageName: node
  linkType: hard

"depd@npm:^2.0.0, depd@npm:~2.0.0":
  version: 2.0.0
  resolution: "depd@npm:2.0.0::__archiveUrl=https%3A%2F%2Fregistry.nlark.com%2Fdepd%2Fdownload%2Fdepd-2.0.0.tgz"
  checksum: abbe19c768c97ee2eed6282d8ce3031126662252c58d711f646921c9623f9052e3e1906443066beec1095832f534e57c523b7333f8e7e0d93051ab6baef5ab3a
  languageName: node
  linkType: hard

"depd@npm:~1.1.2":
  version: 1.1.2
  resolution: "depd@npm:1.1.2::__archiveUrl=https%3A%2F%2Fregistry.nlark.com%2Fdepd%2Fdownload%2Fdepd-1.1.2.tgz"
  checksum: 6b406620d269619852885ce15965272b829df6f409724415e0002c8632ab6a8c0a08ec1f0bd2add05dc7bd7507606f7e2cc034fa24224ab829580040b835ecd9
  languageName: node
  linkType: hard

"destroy@npm:^1.0.4":
  version: 1.0.4
  resolution: "destroy@npm:1.0.4::__archiveUrl=https%3A%2F%2Fregistry.nlark.com%2Fdestroy%2Fdownload%2Fdestroy-1.0.4.tgz"
  checksum: da9ab4961dc61677c709da0c25ef01733042614453924d65636a7db37308fef8a24cd1e07172e61173d471ca175371295fbc984b0af5b2b4ff47cd57bd784c03
  languageName: node
  linkType: hard

"ee-first@npm:1.1.1":
  version: 1.1.1
  resolution: "ee-first@npm:1.1.1::__archiveUrl=https%3A%2F%2Fregistry.nlark.com%2Fee-first%2Fdownload%2Fee-first-1.1.1.tgz"
  checksum: 1b4cac778d64ce3b582a7e26b218afe07e207a0f9bfe13cc7395a6d307849cfe361e65033c3251e00c27dd060cab43014c2d6b2647676135e18b77d2d05b3f4f
  languageName: node
  linkType: hard

"emojis-list@npm:^3.0.0":
  version: 3.0.0
  resolution: "emojis-list@npm:3.0.0::__archiveUrl=https%3A%2F%2Fregistry.nlark.com%2Femojis-list%2Fdownload%2Femojis-list-3.0.0.tgz"
  checksum: ddaaa02542e1e9436c03970eeed445f4ed29a5337dfba0fe0c38dfdd2af5da2429c2a0821304e8a8d1cadf27fdd5b22ff793571fa803ae16852a6975c65e8e70
  languageName: node
  linkType: hard

"encodeurl@npm:^1.0.2":
  version: 1.0.2
  resolution: "encodeurl@npm:1.0.2::__archiveUrl=https%3A%2F%2Fregistry.nlark.com%2Fencodeurl%2Fdownload%2Fencodeurl-1.0.2.tgz"
  checksum: e50e3d508cdd9c4565ba72d2012e65038e5d71bdc9198cb125beb6237b5b1ade6c0d343998da9e170fb2eae52c1bed37d4d6d98a46ea423a0cddbed5ac3f780c
  languageName: node
  linkType: hard

"escape-html@npm:^1.0.3":
  version: 1.0.3
  resolution: "escape-html@npm:1.0.3::__archiveUrl=https%3A%2F%2Fregistry.nlark.com%2Fescape-html%2Fdownload%2Fescape-html-1.0.3.tgz"
  checksum: 6213ca9ae00d0ab8bccb6d8d4e0a98e76237b2410302cf7df70aaa6591d509a2a37ce8998008cbecae8fc8ffaadf3fb0229535e6a145f3ce0b211d060decbb24
  languageName: node
  linkType: hard

"estree-walker@npm:^2.0.2":
  version: 2.0.2
  resolution: "estree-walker@npm:2.0.2::__archiveUrl=https%3A%2F%2Fregistry.nlark.com%2Festree-walker%2Fdownload%2Festree-walker-2.0.2.tgz"
  checksum: 6151e6f9828abe2259e57f5fd3761335bb0d2ebd76dc1a01048ccee22fabcfef3c0859300f6d83ff0d1927849368775ec5a6d265dde2f6de5a1be1721cd94efc
  languageName: node
  linkType: hard

"fresh@npm:~0.5.2":
  version: 0.5.2
  resolution: "fresh@npm:0.5.2::__archiveUrl=https%3A%2F%2Fregistry.nlark.com%2Ffresh%2Fdownload%2Ffresh-0.5.2.tgz"
  checksum: 13ea8b08f91e669a64e3ba3a20eb79d7ca5379a81f1ff7f4310d54e2320645503cc0c78daedc93dfb6191287295f6479544a649c64d8e41a1c0fb0c221552346
  languageName: node
  linkType: hard

"generic-names@npm:^2.0.1":
  version: 2.0.1
  resolution: "generic-names@npm:2.0.1::__archiveUrl=https%3A%2F%2Fregistry.nlark.com%2Fgeneric-names%2Fdownload%2Fgeneric-names-2.0.1.tgz"
  dependencies:
    loader-utils: ^1.1.0
  checksum: 5f2d6837dcddf4d7139f7c7ee4ff6ed82564123ae363aadc7a1c1c9967724da1e10d92c904b76b6ff58912465cf63cf47d87f3b400286845f289f54d5092e78f
  languageName: node
  linkType: hard

"has-symbols@npm:^1.0.2":
  version: 1.0.2
  resolution: "has-symbols@npm:1.0.2::__archiveUrl=https%3A%2F%2Fregistry.nlark.com%2Fhas-symbols%2Fdownload%2Fhas-symbols-1.0.2.tgz"
  checksum: 2309c426071731be792b5be43b3da6fb4ed7cbe8a9a6bcfca1862587709f01b33d575ce8f5c264c1eaad09fca2f9a8208c0a2be156232629daa2dd0c0740976b
  languageName: node
  linkType: hard

"has-tostringtag@npm:^1.0.0":
  version: 1.0.0
  resolution: "has-tostringtag@npm:1.0.0::__archiveUrl=https%3A%2F%2Fregistry.nlark.com%2Fhas-tostringtag%2Fdownload%2Fhas-tostringtag-1.0.0.tgz"
  dependencies:
    has-symbols: ^1.0.2
  checksum: cc12eb28cb6ae22369ebaad3a8ab0799ed61270991be88f208d508076a1e99abe4198c965935ce85ea90b60c94ddda73693b0920b58e7ead048b4a391b502c1c
  languageName: node
  linkType: hard

"hash-sum@npm:^2.0.0":
  version: 2.0.0
  resolution: "hash-sum@npm:2.0.0::__archiveUrl=https%3A%2F%2Fregistry.nlark.com%2Fhash-sum%2Fdownload%2Fhash-sum-2.0.0.tgz"
  checksum: efeeacf09ecbd467202865403c3a1991fa15d4f4903c1148ecbe13223fdbf9ec6d7dc661e17e5ce6e776cd70d67b6ee4c82e0171318962435be45c1155175f3f
  languageName: node
  linkType: hard

"http-assert@npm:^1.3.0":
  version: 1.5.0
  resolution: "http-assert@npm:1.5.0::__archiveUrl=https%3A%2F%2Fregistry.nlark.com%2Fhttp-assert%2Fdownload%2Fhttp-assert-1.5.0.tgz"
  dependencies:
    deep-equal: ~1.0.1
    http-errors: ~1.8.0
  checksum: 69c9b3c14cf8b2822916360a365089ce936c883c49068f91c365eccba5c141a9964d19fdda589150a480013bf503bf37d8936c732e9635819339e730ab0e7527
  languageName: node
  linkType: hard

"http-errors@npm:^1.6.3, http-errors@npm:~1.8.0":
  version: 1.8.0
  resolution: "http-errors@npm:1.8.0::__archiveUrl=https%3A%2F%2Fregistry.nlark.com%2Fhttp-errors%2Fdownload%2Fhttp-errors-1.8.0.tgz"
  dependencies:
    depd: ~1.1.2
    inherits: 2.0.4
    setprototypeof: 1.2.0
    statuses: ">= 1.5.0 < 2"
    toidentifier: 1.0.0
  checksum: 873d997bada0340b31cc69cbe8376e47ee142f60375b81447fa3ad7be512dd4026afb3b46ed2257ee59472d43782a34151994b34264b204bcaad02e67ad836cb
  languageName: node
  linkType: hard

"icss-replace-symbols@npm:^1.1.0":
  version: 1.1.0
  resolution: "icss-replace-symbols@npm:1.1.0::__archiveUrl=https%3A%2F%2Fregistry.nlark.com%2Ficss-replace-symbols%2Fdownload%2Ficss-replace-symbols-1.1.0.tgz"
  checksum: 24575b2c2f7e762bfc6f4beee31be9ba98a01cad521b5aa9954090a5de2b5e1bf67814c17e22f9e51b7d798238db8215a173d6c2b4726ce634ce06b68ece8045
  languageName: node
  linkType: hard

"icss-utils@npm:^5.0.0":
  version: 5.1.0
  resolution: "icss-utils@npm:5.1.0::__archiveUrl=https%3A%2F%2Fregistry.nlark.com%2Ficss-utils%2Fdownload%2Ficss-utils-5.1.0.tgz"
  peerDependencies:
    postcss: ^8.1.0
  checksum: 5c324d283552b1269cfc13a503aaaa172a280f914e5b81544f3803bc6f06a3b585fb79f66f7c771a2c052db7982c18bf92d001e3b47282e3abbbb4c4cc488d68
  languageName: node
  linkType: hard

"inherits@npm:2.0.4":
  version: 2.0.4
  resolution: "inherits@npm:2.0.4::__archiveUrl=https%3A%2F%2Fregistry.nlark.com%2Finherits%2Fdownload%2Finherits-2.0.4.tgz"
  checksum: 4a48a733847879d6cf6691860a6b1e3f0f4754176e4d71494c41f3475553768b10f84b5ce1d40fbd0e34e6bfbb864ee35858ad4dd2cf31e02fc4a154b724d7f1
  languageName: node
  linkType: hard

"is-generator-function@npm:^1.0.7":
  version: 1.0.10
  resolution: "is-generator-function@npm:1.0.10::__archiveUrl=https%3A%2F%2Fregistry.nlark.com%2Fis-generator-function%2Fdownload%2Fis-generator-function-1.0.10.tgz"
  dependencies:
    has-tostringtag: ^1.0.0
  checksum: d54644e7dbaccef15ceb1e5d91d680eb5068c9ee9f9eb0a9e04173eb5542c9b51b5ab52c5537f5703e48d5fddfd376817c1ca07a84a407b7115b769d4bdde72b
  languageName: node
  linkType: hard

"json5@npm:^1.0.1":
  version: 1.0.1
  resolution: "json5@npm:1.0.1::__archiveUrl=https%3A%2F%2Fregistry.nlark.com%2Fjson5%2Fdownload%2Fjson5-1.0.1.tgz"
  dependencies:
    minimist: ^1.2.0
  bin:
    json5: lib/cli.js
  checksum: e76ea23dbb8fc1348c143da628134a98adf4c5a4e8ea2adaa74a80c455fc2cdf0e2e13e6398ef819bfe92306b610ebb2002668ed9fc1af386d593691ef346fc3
  languageName: node
  linkType: hard

"keygrip@npm:~1.1.0":
  version: 1.1.0
  resolution: "keygrip@npm:1.1.0::__archiveUrl=https%3A%2F%2Fregistry.nlark.com%2Fkeygrip%2Fdownload%2Fkeygrip-1.1.0.tgz"
  dependencies:
    tsscmp: 1.0.6
  checksum: 078cd16a463d187121f0a27c1c9c95c52ad392b620f823431689f345a0501132cee60f6e96914b07d570105af470b96960402accd6c48a0b1f3cd8fac4fa2cae
  languageName: node
  linkType: hard

"koa-compose@npm:^3.0.0":
  version: 3.2.1
  resolution: "koa-compose@npm:3.2.1::__archiveUrl=https%3A%2F%2Fregistry.nlark.com%2Fkoa-compose%2Fdownload%2Fkoa-compose-3.2.1.tgz"
  dependencies:
    any-promise: ^1.1.0
  checksum: ff8e5fc0348455acf751179c6c613eb030a5fac6406d3b49ae9e00460b7ee8770db3ef62633fd3db0306cd4a6d2a0b5152399ebd5bb5e684418f9eeeb251c2de
  languageName: node
  linkType: hard

"koa-compose@npm:^4.1.0":
  version: 4.1.0
  resolution: "koa-compose@npm:4.1.0::__archiveUrl=https%3A%2F%2Fregistry.nlark.com%2Fkoa-compose%2Fdownload%2Fkoa-compose-4.1.0.tgz"
  checksum: 46cb16792d96425e977c2ae4e5cb04930280740e907242ec9c25e3fb8b4a1d7b54451d7432bc24f40ec62255edea71894d2ceeb8238501842b4e48014f2e83db
  languageName: node
  linkType: hard

"koa-convert@npm:^1.2.0":
  version: 1.2.0
  resolution: "koa-convert@npm:1.2.0::__archiveUrl=https%3A%2F%2Fregistry.nlark.com%2Fkoa-convert%2Fdownload%2Fkoa-convert-1.2.0.tgz"
  dependencies:
    co: ^4.6.0
    koa-compose: ^3.0.0
  checksum: a33944dbda4ed87565985f5b37ba1122a012db872724b216b6fd8f9176d4bba42c4a9bf3c129330e45f6474d28f50ca0ed28d41b9bccd2ab5d36d6436cf0d676
  languageName: node
  linkType: hard

"koa@npm:^2.13.1":
  version: 2.13.1
  resolution: "koa@npm:2.13.1::__archiveUrl=https%3A%2F%2Fregistry.nlark.com%2Fkoa%2Fdownload%2Fkoa-2.13.1.tgz"
  dependencies:
    accepts: ^1.3.5
    cache-content-type: ^1.0.0
    content-disposition: ~0.5.2
    content-type: ^1.0.4
    cookies: ~0.8.0
    debug: ~3.1.0
    delegates: ^1.0.0
    depd: ^2.0.0
    destroy: ^1.0.4
    encodeurl: ^1.0.2
    escape-html: ^1.0.3
    fresh: ~0.5.2
    http-assert: ^1.3.0
    http-errors: ^1.6.3
    is-generator-function: ^1.0.7
    koa-compose: ^4.1.0
    koa-convert: ^1.2.0
    on-finished: ^2.3.0
    only: ~0.0.2
    parseurl: ^1.3.2
    statuses: ^1.5.0
    type-is: ^1.6.16
    vary: ^1.1.2
  checksum: c09c64eb32c6ab887527d3677a1b945bb7432f50d88de8b03d1d091baf51c827dafe3055763dd605b57c193b696414b1d597f58c829fb7bc47b2c6c5509670b4
  languageName: node
  linkType: hard

"loader-utils@npm:^1.1.0":
  version: 1.4.0
  resolution: "loader-utils@npm:1.4.0::__archiveUrl=https%3A%2F%2Fregistry.nlark.com%2Floader-utils%2Fdownload%2Floader-utils-1.4.0.tgz"
  dependencies:
    big.js: ^5.2.2
    emojis-list: ^3.0.0
    json5: ^1.0.1
  checksum: d150b15e7a42ac47d935c8b484b79e44ff6ab4c75df7cc4cb9093350cf014ec0b17bdb60c5d6f91a37b8b218bd63b973e263c65944f58ca2573e402b9a27e717
  languageName: node
  linkType: hard

"lodash.camelcase@npm:^4.3.0":
  version: 4.3.0
  resolution: "lodash.camelcase@npm:4.3.0::__archiveUrl=https%3A%2F%2Fregistry.nlark.com%2Flodash.camelcase%2Fdownload%2Flodash.camelcase-4.3.0.tgz"
  checksum: cb9227612f71b83e42de93eccf1232feeb25e705bdb19ba26c04f91e885bfd3dd5c517c4a97137658190581d3493ea3973072ca010aab7e301046d90740393d1
  languageName: node
  linkType: hard

"lru-cache@npm:^5.1.1":
  version: 5.1.1
  resolution: "lru-cache@npm:5.1.1::__archiveUrl=https%3A%2F%2Fregistry.nlark.com%2Flru-cache%2Fdownload%2Flru-cache-5.1.1.tgz"
  dependencies:
    yallist: ^3.0.2
  checksum: c154ae1cbb0c2206d1501a0e94df349653c92c8cbb25236d7e85190bcaf4567a03ac6eb43166fabfa36fd35623694da7233e88d9601fbf411a9a481d85dbd2cb
  languageName: node
  linkType: hard

"magic-string@npm:^0.25.7":
  version: 0.25.7
  resolution: "magic-string@npm:0.25.7::__archiveUrl=https%3A%2F%2Fregistry.nlark.com%2Fmagic-string%2Fdownload%2Fmagic-string-0.25.7.tgz"
  dependencies:
    sourcemap-codec: ^1.4.4
  checksum: 727a1fb70f9610304fe384f1df0251eb7d1d9dd779c07ef1225690361b71b216f26f5d934bfb11c919b5b0e7ba50f6240c823a6f2e44cfd33d4a07d7747ca829
  languageName: node
  linkType: hard

"media-typer@npm:0.3.0":
  version: 0.3.0
  resolution: "media-typer@npm:0.3.0::__archiveUrl=https%3A%2F%2Fregistry.nlark.com%2Fmedia-typer%2Fdownload%2Fmedia-typer-0.3.0.tgz"
  checksum: af1b38516c28ec95d6b0826f6c8f276c58aec391f76be42aa07646b4e39d317723e869700933ca6995b056db4b09a78c92d5440dc23657e6764be5d28874bba1
  languageName: node
  linkType: hard

"merge-source-map@npm:^1.1.0":
  version: 1.1.0
  resolution: "merge-source-map@npm:1.1.0::__archiveUrl=https%3A%2F%2Fregistry.nlark.com%2Fmerge-source-map%2Fdownload%2Fmerge-source-map-1.1.0.tgz"
  dependencies:
    source-map: ^0.6.1
  checksum: 945a83dcc59eff77dde709be1d3d6cb575c11cd7164a7ccdc1c6f0d463aad7c12750a510bdf84af2c05fac4615c4305d97ac90477975348bb901a905c8e92c4b
  languageName: node
  linkType: hard

"mime-db@npm:1.49.0":
  version: 1.49.0
  resolution: "mime-db@npm:1.49.0::__archiveUrl=https%3A%2F%2Fregistry.nlark.com%2Fmime-db%2Fdownload%2Fmime-db-1.49.0.tgz"
  checksum: 3744efc45b17896ff8a5934a761c434d5ffe3c7816662002d799ca9934347e00f99ae4d9b4ddf1c48d391cc9e522cc4523a6e77e7701f8e27c426e3e1d6e215a
  languageName: node
  linkType: hard

"mime-types@npm:^2.1.18, mime-types@npm:~2.1.24":
  version: 2.1.32
  resolution: "mime-types@npm:2.1.32::__archiveUrl=https%3A%2F%2Fregistry.nlark.com%2Fmime-types%2Fdownload%2Fmime-types-2.1.32.tgz"
  dependencies:
    mime-db: 1.49.0
  checksum: 4487dfd2f872126d2c219ec731ad47a6169a438d5a4cce6ecef7594ce08eaefaf0d85429485a76ec005f095016c7ec488a24cf8bfcc0ea06de0355e23395746f
  languageName: node
  linkType: hard

"mime@npm:^2.5.2":
  version: 2.5.2
  resolution: "mime@npm:2.5.2::__archiveUrl=https%3A%2F%2Fregistry.nlark.com%2Fmime%2Fdownload%2Fmime-2.5.2.tgz"
  bin:
    mime: cli.js
  checksum: dd3c93d433d41a09f6a1cfa969b653b769899f3bd573e7bfcea33bdc8b0cc4eba57daa2f95937369c2bd2b6d39d62389b11a4309fe40d1d3a1b736afdedad0ff
  languageName: node
  linkType: hard

"mini-vite@workspace:.":
  version: 0.0.0-use.local
  resolution: "mini-vite@workspace:."
  dependencies:
    "@vue/compiler-dom": ^3.2.11
    "@vue/compiler-sfc": ^3.2.11
    "@vue/server-renderer": ^3.2.11
    koa: ^2.13.1
    mime: ^2.5.2
    prettier: ^2.4.0
    vue: next
  languageName: unknown
  linkType: soft

"minimist@npm:^1.2.0":
  version: 1.2.5
  resolution: "minimist@npm:1.2.5::__archiveUrl=https%3A%2F%2Fregistry.nlark.com%2Fminimist%2Fdownload%2Fminimist-1.2.5.tgz"
  checksum: 86706ce5b36c16bfc35c5fe3dbb01d5acdc9a22f2b6cc810b6680656a1d2c0e44a0159c9a3ba51fb072bb5c203e49e10b51dcd0eec39c481f4c42086719bae52
  languageName: node
  linkType: hard

"ms@npm:2.0.0":
  version: 2.0.0
  resolution: "ms@npm:2.0.0::__archiveUrl=https%3A%2F%2Fregistry.nlark.com%2Fms%2Fdownload%2Fms-2.0.0.tgz"
  checksum: 0e6a22b8b746d2e0b65a430519934fefd41b6db0682e3477c10f60c76e947c4c0ad06f63ffdf1d78d335f83edee8c0aa928aa66a36c7cd95b69b26f468d527f4
  languageName: node
  linkType: hard

"nanoid@npm:^3.1.23":
  version: 3.1.25
  resolution: "nanoid@npm:3.1.25::__archiveUrl=https%3A%2F%2Fregistry.nlark.com%2Fnanoid%2Fdownload%2Fnanoid-3.1.25.tgz"
  bin:
    nanoid: bin/nanoid.cjs
  checksum: e2353828c7d8fde65265e9c981380102e2021f292038a93fd27288bad390339833286e8cbc7531abe1cb2c6b317e55f38b895dcb775151637bb487388558e0ff
  languageName: node
  linkType: hard

"negotiator@npm:0.6.2":
  version: 0.6.2
  resolution: "negotiator@npm:0.6.2::__archiveUrl=https%3A%2F%2Fregistry.nlark.com%2Fnegotiator%2Fdownload%2Fnegotiator-0.6.2.tgz"
  checksum: dfddaff6c06792f1c4c3809e29a427b8daef8cd437c83b08dd51d7ee11bbd1c29d9512d66b801144d6c98e910ffd8723f2432e0cbf8b18d41d2a09599c975ab3
  languageName: node
  linkType: hard

"on-finished@npm:^2.3.0":
  version: 2.3.0
  resolution: "on-finished@npm:2.3.0::__archiveUrl=https%3A%2F%2Fregistry.nlark.com%2Fon-finished%2Fdownload%2Fon-finished-2.3.0.tgz"
  dependencies:
    ee-first: 1.1.1
  checksum: 1db595bd963b0124d6fa261d18320422407b8f01dc65863840f3ddaaf7bcad5b28ff6847286703ca53f4ec19595bd67a2f1253db79fc4094911ec6aa8df1671b
  languageName: node
  linkType: hard

"only@npm:~0.0.2":
  version: 0.0.2
  resolution: "only@npm:0.0.2::__archiveUrl=https%3A%2F%2Fregistry.nlark.com%2Fonly%2Fdownload%2Fonly-0.0.2.tgz"
  checksum: d399710db867a1ef436dd3ce74499c87ece794aa81ab0370b5d153968766ee4aed2f98d3f92fc87c963e45b7a74d400d6f463ef651a5e7cfb861b15e88e9efe6
  languageName: node
  linkType: hard

"parseurl@npm:^1.3.2":
  version: 1.3.3
  resolution: "parseurl@npm:1.3.3::__archiveUrl=https%3A%2F%2Fregistry.nlark.com%2Fparseurl%2Fdownload%2Fparseurl-1.3.3.tgz"
  checksum: 407cee8e0a3a4c5cd472559bca8b6a45b82c124e9a4703302326e9ab60fc1081442ada4e02628efef1eb16197ddc7f8822f5a91fd7d7c86b51f530aedb17dfa2
  languageName: node
  linkType: hard

"postcss-modules-extract-imports@npm:^3.0.0":
  version: 3.0.0
  resolution: "postcss-modules-extract-imports@npm:3.0.0::__archiveUrl=https%3A%2F%2Fregistry.nlark.com%2Fpostcss-modules-extract-imports%2Fdownload%2Fpostcss-modules-extract-imports-3.0.0.tgz"
  peerDependencies:
    postcss: ^8.1.0
  checksum: 4b65f2f1382d89c4bc3c0a1bdc5942f52f3cb19c110c57bd591ffab3a5fee03fcf831604168205b0c1b631a3dce2255c70b61aaae3ef39d69cd7eb450c2552d2
  languageName: node
  linkType: hard

"postcss-modules-local-by-default@npm:^4.0.0":
  version: 4.0.0
  resolution: "postcss-modules-local-by-default@npm:4.0.0::__archiveUrl=https%3A%2F%2Fregistry.nlark.com%2Fpostcss-modules-local-by-default%2Fdownload%2Fpostcss-modules-local-by-default-4.0.0.tgz"
  dependencies:
    icss-utils: ^5.0.0
    postcss-selector-parser: ^6.0.2
    postcss-value-parser: ^4.1.0
  peerDependencies:
    postcss: ^8.1.0
  checksum: 6cf570badc7bc26c265e073f3ff9596b69bb954bc6ac9c5c1b8cba2995b80834226b60e0a3cbb87d5f399dbb52e6466bba8aa1d244f6218f99d834aec431a69d
  languageName: node
  linkType: hard

"postcss-modules-scope@npm:^3.0.0":
  version: 3.0.0
  resolution: "postcss-modules-scope@npm:3.0.0::__archiveUrl=https%3A%2F%2Fregistry.nlark.com%2Fpostcss-modules-scope%2Fdownload%2Fpostcss-modules-scope-3.0.0.tgz"
  dependencies:
    postcss-selector-parser: ^6.0.4
  peerDependencies:
    postcss: ^8.1.0
  checksum: 330b9398dbd44c992c92b0dc612c0626135e2cc840fee41841eb61247a6cfed95af2bd6f67ead9dd9d0bb41f5b0367129d93c6e434fa3e9c58ade391d9a5a138
  languageName: node
  linkType: hard

"postcss-modules-values@npm:^4.0.0":
  version: 4.0.0
  resolution: "postcss-modules-values@npm:4.0.0::__archiveUrl=https%3A%2F%2Fregistry.nlark.com%2Fpostcss-modules-values%2Fdownload%2Fpostcss-modules-values-4.0.0.tgz"
  dependencies:
    icss-utils: ^5.0.0
  peerDependencies:
    postcss: ^8.1.0
  checksum: f7f2cdf14a575b60e919ad5ea52fed48da46fe80db2733318d71d523fc87db66c835814940d7d05b5746b0426e44661c707f09bdb83592c16aea06e859409db6
  languageName: node
  linkType: hard

"postcss-modules@npm:^4.0.0":
  version: 4.2.2
  resolution: "postcss-modules@npm:4.2.2::__archiveUrl=https%3A%2F%2Fregistry.nlark.com%2Fpostcss-modules%2Fdownload%2Fpostcss-modules-4.2.2.tgz"
  dependencies:
    generic-names: ^2.0.1
    icss-replace-symbols: ^1.1.0
    lodash.camelcase: ^4.3.0
    postcss-modules-extract-imports: ^3.0.0
    postcss-modules-local-by-default: ^4.0.0
    postcss-modules-scope: ^3.0.0
    postcss-modules-values: ^4.0.0
    string-hash: ^1.1.1
  peerDependencies:
    postcss: ^8.0.0
  checksum: 9e8444dfb4cfde814559f91039c1475b721bff7fcae507fcd2d6efd192c58220c66c8ba5608697928b2fd3dfdf2ccfc92a698b6ed50fc02e5515c0b8fa2b9fdb
  languageName: node
  linkType: hard

"postcss-selector-parser@npm:^6.0.2, postcss-selector-parser@npm:^6.0.4":
  version: 6.0.6
  resolution: "postcss-selector-parser@npm:6.0.6::__archiveUrl=https%3A%2F%2Fregistry.nlark.com%2Fpostcss-selector-parser%2Fdownload%2Fpostcss-selector-parser-6.0.6.tgz"
  dependencies:
    cssesc: ^3.0.0
    util-deprecate: ^1.0.2
  checksum: 3602758798048bffbd6a97d6f009b32a993d6fd2cc70775bb59593e803d7fa8738822ecffb2fafc745edf7fad297dad53c30d2cfe78446a7d3f4a4a258cb15b2
  languageName: node
  linkType: hard

"postcss-value-parser@npm:^4.1.0":
  version: 4.1.0
  resolution: "postcss-value-parser@npm:4.1.0::__archiveUrl=https%3A%2F%2Fregistry.nlark.com%2Fpostcss-value-parser%2Fdownload%2Fpostcss-value-parser-4.1.0.tgz"
  checksum: 68a9ea27c780fa3cc350be37b47cc46385c61dd9627990909230e0e9c3debf6d5beb49006bd743a2e506cdd6fa7d07637f2d9504a394f67cc3011d1ff0134886
  languageName: node
  linkType: hard

"postcss@npm:^8.1.10":
  version: 8.3.6
  resolution: "postcss@npm:8.3.6::__archiveUrl=https%3A%2F%2Fregistry.nlark.com%2Fpostcss%2Fdownload%2Fpostcss-8.3.6.tgz"
  dependencies:
    colorette: ^1.2.2
    nanoid: ^3.1.23
    source-map-js: ^0.6.2
  checksum: ff55b91bea21f42c2a94d77fd05c3f66dd15889c68506cf1dbb9cdee8c3b9e9d0e219bcbc6e61a107bd63e3cac0670176486e2a5794c106a4e1b9babceb79317
  languageName: node
  linkType: hard

"prettier@npm:^2.4.0":
  version: 2.4.0
  resolution: "prettier@npm:2.4.0::__archiveUrl=https%3A%2F%2Fregistry.nlark.com%2Fprettier%2Fdownload%2Fprettier-2.4.0.tgz"
  bin:
    prettier: bin-prettier.js
  checksum: ac1bf07566dad5f58469e6d8a954bd5c0f833935597deb00330e9f673e14e4cf81e07dee7eff5776c0edebe11358d199f332d9940be40c8b455516034e553ce0
  languageName: node
  linkType: hard

"safe-buffer@npm:5.1.2":
  version: 5.1.2
  resolution: "safe-buffer@npm:5.1.2::__archiveUrl=https%3A%2F%2Fregistry.nlark.com%2Fsafe-buffer%2Fdownload%2Fsafe-buffer-5.1.2.tgz"
  checksum: f2f1f7943ca44a594893a852894055cf619c1fbcb611237fc39e461ae751187e7baf4dc391a72125e0ac4fb2d8c5c0b3c71529622e6a58f46b960211e704903c
  languageName: node
  linkType: hard

"setprototypeof@npm:1.2.0":
  version: 1.2.0
  resolution: "setprototypeof@npm:1.2.0::__archiveUrl=https%3A%2F%2Fregistry.nlark.com%2Fsetprototypeof%2Fdownload%2Fsetprototypeof-1.2.0.tgz"
  checksum: be18cbbf70e7d8097c97f713a2e76edf84e87299b40d085c6bf8b65314e994cc15e2e317727342fa6996e38e1f52c59720b53fe621e2eb593a6847bf0356db89
  languageName: node
  linkType: hard

"source-map-js@npm:^0.6.2":
  version: 0.6.2
  resolution: "source-map-js@npm:0.6.2::__archiveUrl=https%3A%2F%2Fregistry.nlark.com%2Fsource-map-js%2Fdownload%2Fsource-map-js-0.6.2.tgz"
  checksum: 9c8151a29e00fd8d3ba87709fdf9a9ce48313d653f4a29a39b4ae53d346ac79e005de624796ff42eff55cbaf26d2e87f4466001ca87831d400d818c5cf146a0e
  languageName: node
  linkType: hard

"source-map@npm:^0.6.1":
  version: 0.6.1
  resolution: "source-map@npm:0.6.1::__archiveUrl=https%3A%2F%2Fregistry.npm.taobao.org%2Fsource-map%2Fdownload%2Fsource-map-0.6.1.tgz"
  checksum: 59ce8640cf3f3124f64ac289012c2b8bd377c238e316fb323ea22fbfe83da07d81e000071d7242cad7a23cd91c7de98e4df8830ec3f133cb6133a5f6e9f67bc2
  languageName: node
  linkType: hard

"sourcemap-codec@npm:^1.4.4":
  version: 1.4.8
  resolution: "sourcemap-codec@npm:1.4.8::__archiveUrl=https%3A%2F%2Fregistry.nlark.com%2Fsourcemap-codec%2Fdownload%2Fsourcemap-codec-1.4.8.tgz"
  checksum: b57981c05611afef31605732b598ccf65124a9fcb03b833532659ac4d29ac0f7bfacbc0d6c5a28a03e84c7510e7e556d758d0bb57786e214660016fb94279316
  languageName: node
  linkType: hard

"statuses@npm:>= 1.5.0 < 2, statuses@npm:^1.5.0":
  version: 1.5.0
  resolution: "statuses@npm:1.5.0::__archiveUrl=https%3A%2F%2Fregistry.nlark.com%2Fstatuses%2Fdownload%2Fstatuses-1.5.0.tgz"
  checksum: c469b9519de16a4bb19600205cffb39ee471a5f17b82589757ca7bd40a8d92ebb6ed9f98b5a540c5d302ccbc78f15dc03cc0280dd6e00df1335568a5d5758a5c
  languageName: node
  linkType: hard

"string-hash@npm:^1.1.1":
  version: 1.1.3
  resolution: "string-hash@npm:1.1.3::__archiveUrl=https%3A%2F%2Fregistry.nlark.com%2Fstring-hash%2Fdownload%2Fstring-hash-1.1.3.tgz"
  checksum: 104b8667a5e0dc71bfcd29fee09cb88c6102e27bfb07c55f95535d90587d016731d52299380052e514266f4028a7a5172e0d9ac58e2f8f5001be61dc77c0754d
  languageName: node
  linkType: hard

"to-fast-properties@npm:^2.0.0":
  version: 2.0.0
  resolution: "to-fast-properties@npm:2.0.0::__archiveUrl=https%3A%2F%2Fregistry.nlark.com%2Fto-fast-properties%2Fdownload%2Fto-fast-properties-2.0.0.tgz"
  checksum: be2de62fe58ead94e3e592680052683b1ec986c72d589e7b21e5697f8744cdbf48c266fa72f6c15932894c10187b5f54573a3bcf7da0bfd964d5caf23d436168
  languageName: node
  linkType: hard

"toidentifier@npm:1.0.0":
  version: 1.0.0
  resolution: "toidentifier@npm:1.0.0::__archiveUrl=https%3A%2F%2Fregistry.nlark.com%2Ftoidentifier%2Fdownload%2Ftoidentifier-1.0.0.tgz"
  checksum: 199e6bfca1531d49b3506cff02353d53ec987c9ee10ee272ca6484ed97f1fc10fb77c6c009079ca16d5c5be4a10378178c3cacdb41ce9ec954c3297c74c6053e
  languageName: node
  linkType: hard

"tsscmp@npm:1.0.6":
  version: 1.0.6
  resolution: "tsscmp@npm:1.0.6::__archiveUrl=https%3A%2F%2Fregistry.nlark.com%2Ftsscmp%2Fdownload%2Ftsscmp-1.0.6.tgz"
  checksum: 1512384def36bccc9125cabbd4c3b0e68608d7ee08127ceaa0b84a71797263f1a01c7f82fa69be8a3bd3c1396e2965d2f7b52d581d3a5eeaf3967fbc52e3b3bf
  languageName: node
  linkType: hard

"type-is@npm:^1.6.16":
  version: 1.6.18
  resolution: "type-is@npm:1.6.18::__archiveUrl=https%3A%2F%2Fregistry.nlark.com%2Ftype-is%2Fdownload%2Ftype-is-1.6.18.tgz"
  dependencies:
    media-typer: 0.3.0
    mime-types: ~2.1.24
  checksum: 2c8e47675d55f8b4e404bcf529abdf5036c537a04c2b20177bcf78c9e3c1da69da3942b1346e6edb09e823228c0ee656ef0e033765ec39a70d496ef601a0c657
  languageName: node
  linkType: hard

"util-deprecate@npm:^1.0.2":
  version: 1.0.2
  resolution: "util-deprecate@npm:1.0.2::__archiveUrl=https%3A%2F%2Fregistry.nlark.com%2Futil-deprecate%2Fdownload%2Futil-deprecate-1.0.2.tgz"
  checksum: 474acf1146cb2701fe3b074892217553dfcf9a031280919ba1b8d651a068c9b15d863b7303cb15bd00a862b498e6cf4ad7b4a08fb134edd5a6f7641681cb54a2
  languageName: node
  linkType: hard

"vary@npm:^1.1.2":
  version: 1.1.2
  resolution: "vary@npm:1.1.2::__archiveUrl=https%3A%2F%2Fregistry.nlark.com%2Fvary%2Fdownload%2Fvary-1.1.2.tgz"
  checksum: ae0123222c6df65b437669d63dfa8c36cee20a504101b2fcd97b8bf76f91259c17f9f2b4d70a1e3c6bbcee7f51b28392833adb6b2770b23b01abec84e369660b
  languageName: node
  linkType: hard

"vue@npm:next":
  version: 3.2.11
  resolution: "vue@npm:3.2.11::__archiveUrl=https%3A%2F%2Fregistry.nlark.com%2Fvue%2Fdownload%2Fvue-3.2.11.tgz"
  dependencies:
    "@vue/compiler-dom": 3.2.11
    "@vue/runtime-dom": 3.2.11
    "@vue/shared": 3.2.11
  checksum: 0fb6de88580fa895b9ce7467ba6bbcac4ba15be47eded343617a38ea10c628416af87770fcca5bc0ef14711189ec072c346190709b995797b68a84f28d000530
  languageName: node
  linkType: hard

"yallist@npm:^3.0.2":
  version: 3.1.1
  resolution: "yallist@npm:3.1.1::__archiveUrl=https%3A%2F%2Fregistry.nlark.com%2Fyallist%2Fdownload%2Fyallist-3.1.1.tgz"
  checksum: 48f7bb00dc19fc635a13a39fe547f527b10c9290e7b3e836b9a8f1ca04d4d342e85714416b3c2ab74949c9c66f9cebb0473e6bc353b79035356103b47641285d
  languageName: node
  linkType: hard

"ylru@npm:^1.2.0":
  version: 1.2.1
  resolution: "ylru@npm:1.2.1::__archiveUrl=https%3A%2F%2Fregistry.nlark.com%2Fylru%2Fdownload%2Fylru-1.2.1.tgz"
  checksum: 33c45248becece949d4511a13f66b2330852f6226da6c2842bf16f0b0ee45bbbfcdf6b8da3d4c52d6cd5106818eeb3674dd73a17e87c945d1839c470107549e2
  languageName: node
  linkType: hard
